{
  "name": "to-do-list",
  "version": "1.0.0",
  "lockfileVersion": 3,
  "requires": true,
  "packages": {
    "": {
      "name": "to-do-list",
      "version": "1.0.0",
      "license": "ISC",
      "dependencies": {
        "novaxjs2": "^1.0.0"
      }
    },
    "node_modules/novaxjs2": {
      "version": "1.0.0",
      "resolved": "https://registry.npmjs.org/novaxjs2/-/novaxjs2-1.0.0.tgz",
      "integrity": "sha512-zBfXZThX6zu+Fv8DzDSRQuI5yIbG84S7z4pot++OELd6YrzJf1o1nBZYQnIkVyyAMa6DSN200NKEDPTynT7l4Q==",
      "license": "ISC"
    }
  }
}
